
Microsoft Visual Studio Solution File, Format Version 12.00
Project("{FAE04EC0-301F-11D3-BF4B-00C04F79EFBC}") = "StrategyExample", "DesignPatterns\StrategyExample\StrategyExample.csproj", "{46C92612-A623-411F-BB55-E46E90E34CC9}"
EndProject
Global
	GlobalSection(SolutionConfigurationPlatforms) = preSolution
		Debug|Any CPU = Debug|Any CPU
		Release|Any CPU = Release|Any CPU
	EndGlobalSection
	GlobalSection(ProjectConfigurationPlatforms) = postSolution
		{46C92612-A623-411F-BB55-E46E90E34CC9}.Debug|Any CPU.ActiveCfg = Debug|Any CPU
		{46C92612-A623-411F-BB55-E46E90E34CC9}.Debug|Any CPU.Build.0 = Debug|Any CPU
		{46C92612-A623-411F-BB55-E46E90E34CC9}.Release|Any CPU.ActiveCfg = Release|Any CPU
		{46C92612-A623-411F-BB55-E46E90E34CC9}.Release|Any CPU.Build.0 = Release|Any CPU
	EndGlobalSection
EndGlobal
